// !$*UTF8*$!
{
	archiveVersion = 1;
	classes = {
	};
	objectVersion = 77;
	objects = {

/* Begin PBXBuildFile section */
		05F1A7106B353C6AD6ED102D /* Pods_Syscolabs_star_war_planet_Syscolabs_star_war_planetUITests.framework in Frameworks */ = {isa = PBXBuildFile; fileRef = 423E0423E997766036D48120 /* Pods_Syscolabs_star_war_planet_Syscolabs_star_war_planetUITests.framework */; };
		1FD8808474D3D0B938F7E11F /* Pods_Syscolabs_star_war_planet.framework in Frameworks */ = {isa = PBXBuildFile; fileRef = B99379A4D7BD3F795EF35023 /* Pods_Syscolabs_star_war_planet.framework */; };
		B4F8540BFBA381F5FDBA9906 /* Pods_Syscolabs_star_war_planetTests.framework in Frameworks */ = {isa = PBXBuildFile; fileRef = D32C9720C392FE23A96DB1A5 /* Pods_Syscolabs_star_war_planetTests.framework */; };
/* End PBXBuildFile section */

/* Begin PBXContainerItemProxy section */
		81A55EE52F11445600866D8C /* PBXContainerItemProxy */ = {
			isa = PBXContainerItemProxy;
			containerPortal = 81A55EC62F11445400866D8C /* Project object */;
			proxyType = 1;
			remoteGlobalIDString = 81A55ECD2F11445400866D8C;
			remoteInfo = "Syscolabs-star-war-planet";
		};
		81A55EEF2F11445600866D8C /* PBXContainerItemProxy */ = {
			isa = PBXContainerItemProxy;
			containerPortal = 81A55EC62F11445400866D8C /* Project object */;
			proxyType = 1;
			remoteGlobalIDString = 81A55ECD2F11445400866D8C;
			remoteInfo = "Syscolabs-star-war-planet";
		};
/* End PBXContainerItemProxy section */

/* Begin PBXFileReference section */
		1649B004E4D34D26A2FC126D /* Pods-Syscolabs-star-war-planet-Syscolabs-star-war-planetUITests.debug.xcconfig */ = {isa = PBXFileReference; includeInIndex = 1; lastKnownFileType = text.xcconfig; name = "Pods-Syscolabs-star-war-planet-Syscolabs-star-war-planetUITests.debug.xcconfig"; path = "Target Support Files/Pods-Syscolabs-star-war-planet-Syscolabs-star-war-planetUITests/Pods-Syscolabs-star-war-planet-Syscolabs-star-war-planetUITests.debug.xcconfig"; sourceTree = "<group>"; };
		423E0423E997766036D48120 /* Pods_Syscolabs_star_war_planet_Syscolabs_star_war_planetUITests.framework */ = {isa = PBXFileReference; explicitFileType = wrapper.framework; includeInIndex = 0; path = Pods_Syscolabs_star_war_planet_Syscolabs_star_war_planetUITests.framework; sourceTree = BUILT_PRODUCTS_DIR; };
		5E0ECA1A1E621404FE395474 /* Pods-Syscolabs-star-war-planetTests.debug.xcconfig */ = {isa = PBXFileReference; includeInIndex = 1; lastKnownFileType = text.xcconfig; name = "Pods-Syscolabs-star-war-planetTests.debug.xcconfig"; path = "Target Support Files/Pods-Syscolabs-star-war-planetTests/Pods-Syscolabs-star-war-planetTests.debug.xcconfig"; sourceTree = "<group>"; };
		69B22861BBA6B4D7235DEB09 /* Pods-Syscolabs-star-war-planet-Syscolabs-star-war-planetUITests.release.xcconfig */ = {isa = PBXFileReference; includeInIndex = 1; lastKnownFileType = text.xcconfig; name = "Pods-Syscolabs-star-war-planet-Syscolabs-star-war-planetUITests.release.xcconfig"; path = "Target Support Files/Pods-Syscolabs-star-war-planet-Syscolabs-star-war-planetUITests/Pods-Syscolabs-star-war-planet-Syscolabs-star-war-planetUITests.release.xcconfig"; sourceTree = "<group>"; };
		768AEBB9C379101FA5C0D294 /* Pods-Syscolabs-star-war-planetTests.release.xcconfig */ = {isa = PBXFileReference; includeInIndex = 1; lastKnownFileType = text.xcconfig; name = "Pods-Syscolabs-star-war-planetTests.release.xcconfig"; path = "Target Support Files/Pods-Syscolabs-star-war-planetTests/Pods-Syscolabs-star-war-planetTests.release.xcconfig"; sourceTree = "<group>"; };
		81A55ECE2F11445400866D8C /* Syscolabs-star-war-planet.app */ = {isa = PBXFileReference; explicitFileType = wrapper.application; includeInIndex = 0; path = "Syscolabs-star-war-planet.app"; sourceTree = BUILT_PRODUCTS_DIR; };
		81A55EE42F11445600866D8C /* Syscolabs-star-war-planetTests.xctest */ = {isa = PBXFileReference; explicitFileType = wrapper.cfbundle; includeInIndex = 0; path = "Syscolabs-star-war-planetTests.xctest"; sourceTree = BUILT_PRODUCTS_DIR; };
		81A55EEE2F11445600866D8C /* Syscolabs-star-war-planetUITests.xctest */ = {isa = PBXFileReference; explicitFileType = wrapper.cfbundle; includeInIndex = 0; path = "Syscolabs-star-war-planetUITests.xctest"; sourceTree = BUILT_PRODUCTS_DIR; };
		83DFF56B67D9DB55F7242F50 /* Pods-Syscolabs-star-war-planet.debug.xcconfig */ = {isa = PBXFileReference; includeInIndex = 1; lastKnownFileType = text.xcconfig; name = "Pods-Syscolabs-star-war-planet.debug.xcconfig"; path = "Target Support Files/Pods-Syscolabs-star-war-planet/Pods-Syscolabs-star-war-planet.debug.xcconfig"; sourceTree = "<group>"; };
		B99379A4D7BD3F795EF35023 /* Pods_Syscolabs_star_war_planet.framework */ = {isa = PBXFileReference; explicitFileType = wrapper.framework; includeInIndex = 0; path = Pods_Syscolabs_star_war_planet.framework; sourceTree = BUILT_PRODUCTS_DIR; };
		C51EDB558B14452445B157F4 /* Pods-Syscolabs-star-war-planet.release.xcconfig */ = {isa = PBXFileReference; includeInIndex = 1; lastKnownFileType = text.xcconfig; name = "Pods-Syscolabs-star-war-planet.release.xcconfig"; path = "Target Support Files/Pods-Syscolabs-star-war-planet/Pods-Syscolabs-star-war-planet.release.xcconfig"; sourceTree = "<group>"; };
		D32C9720C392FE23A96DB1A5 /* Pods_Syscolabs_star_war_planetTests.framework */ = {isa = PBXFileReference; explicitFileType = wrapper.framework; includeInIndex = 0; path = Pods_Syscolabs_star_war_planetTests.framework; sourceTree = BUILT_PRODUCTS_DIR; };
/* End PBXFileReference section */

/* Begin PBXFileSystemSynchronizedBuildFileExceptionSet section */
		81A55EF62F11445600866D8C /* Exceptions for "Syscolabs-star-war-planet" folder in "Syscolabs-star-war-planet" target */ = {
			isa = PBXFileSystemSynchronizedBuildFileExceptionSet;
			membershipExceptions = (
				Info.plist,
			);
			target = 81A55ECD2F11445400866D8C /* Syscolabs-star-war-planet */;
		};
/* End PBXFileSystemSynchronizedBuildFileExceptionSet section */

/* Begin PBXFileSystemSynchronizedRootGroup section */
		81A55ED02F11445400866D8C /* Syscolabs-star-war-planet */ = {
			isa = PBXFileSystemSynchronizedRootGroup;
			exceptions = (
				81A55EF62F11445600866D8C /* Exceptions for "Syscolabs-star-war-planet" folder in "Syscolabs-star-war-planet" target */,
			);
			path = "Syscolabs-star-war-planet";
			sourceTree = "<group>";
		};
		81A55EE72F11445600866D8C /* Syscolabs-star-war-planetTests */ = {
			isa = PBXFileSystemSynchronizedRootGroup;
			path = "Syscolabs-star-war-planetTests";
			sourceTree = "<group>";
		};
		81A55EF12F11445600866D8C /* Syscolabs-star-war-planetUITests */ = {
			isa = PBXFileSystemSynchronizedRootGroup;
			path = "Syscolabs-star-war-planetUITests";
			sourceTree = "<group>";
		};
/* End PBXFileSystemSynchronizedRootGroup section */

/* Begin PBXFrameworksBuildPhase section */
		81A55ECB2F11445400866D8C /* Frameworks */ = {
			isa = PBXFrameworksBuildPhase;
			buildActionMask = 2147483647;
			files = (
				1FD8808474D3D0B938F7E11F /* Pods_Syscolabs_star_war_planet.framework in Frameworks */,
			);
			runOnlyForDeploymentPostprocessing = 0;
		};
		81A55EE12F11445600866D8C /* Frameworks */ = {
			isa = PBXFrameworksBuildPhase;
			buildActionMask = 2147483647;
			files = (
				B4F8540BFBA381F5FDBA9906 /* Pods_Syscolabs_star_war_planetTests.framework in Frameworks */,
			);
			runOnlyForDeploymentPostprocessing = 0;
		};
		81A55EEB2F11445600866D8C /* Frameworks */ = {
			isa = PBXFrameworksBuildPhase;
			buildActionMask = 2147483647;
			files = (
				05F1A7106B353C6AD6ED102D /* Pods_Syscolabs_star_war_planet_Syscolabs_star_war_planetUITests.framework in Frameworks */,
			);
			runOnlyForDeploymentPostprocessing = 0;
		};
/* End PBXFrameworksBuildPhase section */

/* Begin PBXGroup section */
		80F61D999FD6A53CCBCE97F1 /* Frameworks */ = {
			isa = PBXGroup;
			children = (
				B99379A4D7BD3F795EF35023 /* Pods_Syscolabs_star_war_planet.framework */,
				423E0423E997766036D48120 /* Pods_Syscolabs_star_war_planet_Syscolabs_star_war_planetUITests.framework */,
				D32C9720C392FE23A96DB1A5 /* Pods_Syscolabs_star_war_planetTests.framework */,
			);
			name = Frameworks;
			sourceTree = "<group>";
		};
		81A55EC52F11445400866D8C = {
			isa = PBXGroup;
			children = (
				81A55ED02F11445400866D8C /* Syscolabs-star-war-planet */,
				81A55EE72F11445600866D8C /* Syscolabs-star-war-planetTests */,
				81A55EF12F11445600866D8C /* Syscolabs-star-war-planetUITests */,
				81A55ECF2F11445400866D8C /* Products */,
				94D22E011A7B2D0F19D21322 /* Pods */,
				80F61D999FD6A53CCBCE97F1 /* Frameworks */,
			);
			sourceTree = "<group>";
		};
		81A55ECF2F11445400866D8C /* Products */ = {
			isa = PBXGroup;
			children = (
				81A55ECE2F11445400866D8C /* Syscolabs-star-war-planet.app */,
				81A55EE42F11445600866D8C /* Syscolabs-star-war-planetTests.xctest */,
				81A55EEE2F11445600866D8C /* Syscolabs-star-war-planetUITests.xctest */,
			);
			name = Products;
			sourceTree = "<group>";
		};
		94D22E011A7B2D0F19D21322 /* Pods */ = {
			isa = PBXGroup;
			children = (
				83DFF56B67D9DB55F7242F50 /* Pods-Syscolabs-star-war-planet.debug.xcconfig */,
				C51EDB558B14452445B157F4 /* Pods-Syscolabs-star-war-planet.release.xcconfig */,
				1649B004E4D34D26A2FC126D /* Pods-Syscolabs-star-war-planet-Syscolabs-star-war-planetUITests.debug.xcconfig */,
				69B22861BBA6B4D7235DEB09 /* Pods-Syscolabs-star-war-planet-Syscolabs-star-war-planetUITests.release.xcconfig */,
				5E0ECA1A1E621404FE395474 /* Pods-Syscolabs-star-war-planetTests.debug.xcconfig */,
				768AEBB9C379101FA5C0D294 /* Pods-Syscolabs-star-war-planetTests.release.xcconfig */,
			);
			path = Pods;
			sourceTree = "<group>";
		};
/* End PBXGroup section */

/* Begin PBXNativeTarget section */
		81A55ECD2F11445400866D8C /* Syscolabs-star-war-planet */ = {
			isa = PBXNativeTarget;
			buildConfigurationList = 81A55EF72F11445600866D8C /* Build configuration list for PBXNativeTarget "Syscolabs-star-war-planet" */;
			buildPhases = (
				A9C77A71081BFB46C4947594 /* [CP] Check Pods Manifest.lock */,
				81A55ECA2F11445400866D8C /* Sources */,
				81A55ECB2F11445400866D8C /* Frameworks */,
				81A55ECC2F11445400866D8C /* Resources */,
				2174C78036E2236BCB565E67 /* [CP] Embed Pods Frameworks */,
			);
			buildRules = (
			);
			dependencies = (
			);
			fileSystemSynchronizedGroups = (
				81A55ED02F11445400866D8C /* Syscolabs-star-war-planet */,
			);
			name = "Syscolabs-star-war-planet";
			productName = "Syscolabs-star-war-planet";
			productReference = 81A55ECE2F11445400866D8C /* Syscolabs-star-war-planet.app */;
			productType = "com.apple.product-type.application";
		};
		81A55EE32F11445600866D8C /* Syscolabs-star-war-planetTests */ = {
			isa = PBXNativeTarget;
			buildConfigurationList = 81A55EFC2F11445600866D8C /* Build configuration list for PBXNativeTarget "Syscolabs-star-war-planetTests" */;
			buildPhases = (
				FAD818899F441C604F9C8F62 /* [CP] Check Pods Manifest.lock */,
				81A55EE02F11445600866D8C /* Sources */,
				81A55EE12F11445600866D8C /* Frameworks */,
				81A55EE22F11445600866D8C /* Resources */,
				5F26144B84A030984267221B /* [CP] Embed Pods Frameworks */,
			);
			buildRules = (
			);
			dependencies = (
				81A55EE62F11445600866D8C /* PBXTargetDependency */,
			);
			fileSystemSynchronizedGroups = (
				81A55EE72F11445600866D8C /* Syscolabs-star-war-planetTests */,
			);
			name = "Syscolabs-star-war-planetTests";
			productName = "Syscolabs-star-war-planetTests";
			productReference = 81A55EE42F11445600866D8C /* Syscolabs-star-war-planetTests.xctest */;
			productType = "com.apple.product-type.bundle.unit-test";
		};
		81A55EED2F11445600866D8C /* Syscolabs-star-war-planetUITests */ = {
			isa = PBXNativeTarget;
			buildConfigurationList = 81A55EFF2F11445600866D8C /* Build configuration list for PBXNativeTarget "Syscolabs-star-war-planetUITests" */;
			buildPhases = (
				5D0902C4AEE8DCAB08B0D6F5 /* [CP] Check Pods Manifest.lock */,
				81A55EEA2F11445600866D8C /* Sources */,
				81A55EEB2F11445600866D8C /* Frameworks */,
				81A55EEC2F11445600866D8C /* Resources */,
				E94420515D840C03DD789BA1 /* [CP] Embed Pods Frameworks */,
			);
			buildRules = (
			);
			dependencies = (
				81A55EF02F11445600866D8C /* PBXTargetDependency */,
			);
			fileSystemSynchronizedGroups = (
				81A55EF12F11445600866D8C /* Syscolabs-star-war-planetUITests */,
			);
			name = "Syscolabs-star-war-planetUITests";
			productName = "Syscolabs-star-war-planetUITests";
			productReference = 81A55EEE2F11445600866D8C /* Syscolabs-star-war-planetUITests.xctest */;
			productType = "com.apple.product-type.bundle.ui-testing";
		};
/* End PBXNativeTarget section */

/* Begin PBXProject section */
		81A55EC62F11445400866D8C /* Project object */ = {
			isa = PBXProject;
			attributes = {
				BuildIndependentTargetsInParallel = 1;
				LastSwiftUpdateCheck = 1630;
				LastUpgradeCheck = 1630;
				TargetAttributes = {
					81A55ECD2F11445400866D8C = {
						CreatedOnToolsVersion = 16.3;
					};
					81A55EE32F11445600866D8C = {
						CreatedOnToolsVersion = 16.3;
						TestTargetID = 81A55ECD2F11445400866D8C;
					};
					81A55EED2F11445600866D8C = {
						CreatedOnToolsVersion = 16.3;
						TestTargetID = 81A55ECD2F11445400866D8C;
					};
				};
			};
			buildConfigurationList = 81A55EC92F11445400866D8C /* Build configuration list for PBXProject "Syscolabs-star-war-planet" */;
			developmentRegion = en;
			hasScannedForEncodings = 0;
			knownRegions = (
				en,
				Base,
			);
			mainGroup = 81A55EC52F11445400866D8C;
			minimizedProjectReferenceProxies = 1;
			preferredProjectObjectVersion = 77;
			productRefGroup = 81A55ECF2F11445400866D8C /* Products */;
			projectDirPath = "";
			projectRoot = "";
			targets = (
				81A55ECD2F11445400866D8C /* Syscolabs-star-war-planet */,
				81A55EE32F11445600866D8C /* Syscolabs-star-war-planetTests */,
				81A55EED2F11445600866D8C /* Syscolabs-star-war-planetUITests */,
			);
		};
/* End PBXProject section */

/* Begin PBXResourcesBuildPhase section */
		81A55ECC2F11445400866D8C /* Resources */ = {
			isa = PBXResourcesBuildPhase;
			buildActionMask = 2147483647;
			files = (
			);
			runOnlyForDeploymentPostprocessing = 0;
		};
		81A55EE22F11445600866D8C /* Resources */ = {
			isa = PBXResourcesBuildPhase;
			buildActionMask = 2147483647;
			files = (
			);
			runOnlyForDeploymentPostprocessing = 0;
		};
		81A55EEC2F11445600866D8C /* Resources */ = {
			isa = PBXResourcesBuildPhase;
			buildActionMask = 2147483647;
			files = (
			);
			runOnlyForDeploymentPostprocessing = 0;
		};
/* End PBXResourcesBuildPhase section */

/* Begin PBXShellScriptBuildPhase section */
		2174C78036E2236BCB565E67 /* [CP] Embed Pods Frameworks */ = {
			isa = PBXShellScriptBuildPhase;
			buildActionMask = 2147483647;
			files = (
			);
			inputFileListPaths = (
				"${PODS_ROOT}/Target Support Files/Pods-Syscolabs-star-war-planet/Pods-Syscolabs-star-war-planet-frameworks-${CONFIGURATION}-input-files.xcfilelist",
			);
			inputPaths = (
			);
			name = "[CP] Embed Pods Frameworks";
			outputFileListPaths = (
				"${PODS_ROOT}/Target Support Files/Pods-Syscolabs-star-war-planet/Pods-Syscolabs-star-war-planet-frameworks-${CONFIGURATION}-output-files.xcfilelist",
			);
			outputPaths = (
			);
			runOnlyForDeploymentPostprocessing = 0;
			shellPath = /bin/sh;
			shellScript = "\"${PODS_ROOT}/Target Support Files/Pods-Syscolabs-star-war-planet/Pods-Syscolabs-star-war-planet-frameworks.sh\"\n";
			showEnvVarsInLog = 0;
		};
		5D0902C4AEE8DCAB08B0D6F5 /* [CP] Check Pods Manifest.lock */ = {
			isa = PBXShellScriptBuildPhase;
			buildActionMask = 2147483647;
			files = (
			);
			inputFileListPaths = (
			);
			inputPaths = (
				"${PODS_PODFILE_DIR_PATH}/Podfile.lock",
				"${PODS_ROOT}/Manifest.lock",
			);
			name = "[CP] Check Pods Manifest.lock";
			outputFileListPaths = (
			);
			outputPaths = (
				"$(DERIVED_FILE_DIR)/Pods-Syscolabs-star-war-planet-Syscolabs-star-war-planetUITests-checkManifestLockResult.txt",
			);
			runOnlyForDeploymentPostprocessing = 0;
			shellPath = /bin/sh;
			shellScript = "diff \"${PODS_PODFILE_DIR_PATH}/Podfile.lock\" \"${PODS_ROOT}/Manifest.lock\" > /dev/null\nif [ $? != 0 ] ; then\n    # print error to STDERR\n    echo \"error: The sandbox is not in sync with the Podfile.lock. Run 'pod install' or update your CocoaPods installation.\" >&2\n    exit 1\nfi\n# This output is used by Xcode 'outputs' to avoid re-running this script phase.\necho \"SUCCESS\" > \"${SCRIPT_OUTPUT_FILE_0}\"\n";
			showEnvVarsInLog = 0;
		};
		5F26144B84A030984267221B /* [CP] Embed Pods Frameworks */ = {
			isa = PBXShellScriptBuildPhase;
			buildActionMask = 2147483647;
			files = (
			);
			inputFileListPaths = (
				"${PODS_ROOT}/Target Support Files/Pods-Syscolabs-star-war-planetTests/Pods-Syscolabs-star-war-planetTests-frameworks-${CONFIGURATION}-input-files.xcfilelist",
			);
			inputPaths = (
			);
			name = "[CP] Embed Pods Frameworks";
			outputFileListPaths = (
				"${PODS_ROOT}/Target Support Files/Pods-Syscolabs-star-war-planetTests/Pods-Syscolabs-star-war-planetTests-frameworks-${CONFIGURATION}-output-files.xcfilelist",
			);
			outputPaths = (
			);
			runOnlyForDeploymentPostprocessing = 0;
			shellPath = /bin/sh;
			shellScript = "\"${PODS_ROOT}/Target Support Files/Pods-Syscolabs-star-war-planetTests/Pods-Syscolabs-star-war-planetTests-frameworks.sh\"\n";
			showEnvVarsInLog = 0;
		};
		A9C77A71081BFB46C4947594 /* [CP] Check Pods Manifest.lock */ = {
			isa = PBXShellScriptBuildPhase;
			buildActionMask = 2147483647;
			files = (
			);
			inputFileListPaths = (
			);
			inputPaths = (
				"${PODS_PODFILE_DIR_PATH}/Podfile.lock",
				"${PODS_ROOT}/Manifest.lock",
			);
			name = "[CP] Check Pods Manifest.lock";
			outputFileListPaths = (
			);
			outputPaths = (
				"$(DERIVED_FILE_DIR)/Pods-Syscolabs-star-war-planet-checkManifestLockResult.txt",
			);
			runOnlyForDeploymentPostprocessing = 0;
			shellPath = /bin/sh;
			shellScript = "diff \"${PODS_PODFILE_DIR_PATH}/Podfile.lock\" \"${PODS_ROOT}/Manifest.lock\" > /dev/null\nif [ $? != 0 ] ; then\n    # print error to STDERR\n    echo \"error: The sandbox is not in sync with the Podfile.lock. Run 'pod install' or update your CocoaPods installation.\" >&2\n    exit 1\nfi\n# This output is used by Xcode 'outputs' to avoid re-running this script phase.\necho \"SUCCESS\" > \"${SCRIPT_OUTPUT_FILE_0}\"\n";
			showEnvVarsInLog = 0;
		};
		E94420515D840C03DD789BA1 /* [CP] Embed Pods Frameworks */ = {
			isa = PBXShellScriptBuildPhase;
			buildActionMask = 2147483647;
			files = (
			);
			inputFileListPaths = (
				"${PODS_ROOT}/Target Support Files/Pods-Syscolabs-star-war-planet-Syscolabs-star-war-planetUITests/Pods-Syscolabs-star-war-planet-Syscolabs-star-war-planetUITests-frameworks-${CONFIGURATION}-input-files.xcfilelist",
			);
			inputPaths = (
			);
			name = "[CP] Embed Pods Frameworks";
			outputFileListPaths = (
				"${PODS_ROOT}/Target Support Files/Pods-Syscolabs-star-war-planet-Syscolabs-star-war-planetUITests/Pods-Syscolabs-star-war-planet-Syscolabs-star-war-planetUITests-frameworks-${CONFIGURATION}-output-files.xcfilelist",
			);
			outputPaths = (
			);
			runOnlyForDeploymentPostprocessing = 0;
			shellPath = /bin/sh;
			shellScript = "\"${PODS_ROOT}/Target Support Files/Pods-Syscolabs-star-war-planet-Syscolabs-star-war-planetUITests/Pods-Syscolabs-star-war-planet-Syscolabs-star-war-planetUITests-frameworks.sh\"\n";
			showEnvVarsInLog = 0;
		};
		FAD818899F441C604F9C8F62 /* [CP] Check Pods Manifest.lock */ = {
			isa = PBXShellScriptBuildPhase;
			buildActionMask = 2147483647;
			files = (
			);
			inputFileListPaths = (
			);
			inputPaths = (
				"${PODS_PODFILE_DIR_PATH}/Podfile.lock",
				"${PODS_ROOT}/Manifest.lock",
			);
			name = "[CP] Check Pods Manifest.lock";
			outputFileListPaths = (
			);
			outputPaths = (
				"$(DERIVED_FILE_DIR)/Pods-Syscolabs-star-war-planetTests-checkManifestLockResult.txt",
			);
			runOnlyForDeploymentPostprocessing = 0;
			shellPath = /bin/sh;
			shellScript = "diff \"${PODS_PODFILE_DIR_PATH}/Podfile.lock\" \"${PODS_ROOT}/Manifest.lock\" > /dev/null\nif [ $? != 0 ] ; then\n    # print error to STDERR\n    echo \"error: The sandbox is not in sync with the Podfile.lock. Run 'pod install' or update your CocoaPods installation.\" >&2\n    exit 1\nfi\n# This output is used by Xcode 'outputs' to avoid re-running this script phase.\necho \"SUCCESS\" > \"${SCRIPT_OUTPUT_FILE_0}\"\n";
			showEnvVarsInLog = 0;
		};
/* End PBXShellScriptBuildPhase section */

/* Begin PBXSourcesBuildPhase section */
		81A55ECA2F11445400866D8C /* Sources */ = {
			isa = PBXSourcesBuildPhase;
			buildActionMask = 2147483647;
			files = (
			);
			runOnlyForDeploymentPostprocessing = 0;
		};
		81A55EE02F11445600866D8C /* Sources */ = {
			isa = PBXSourcesBuildPhase;
			buildActionMask = 2147483647;
			files = (
			);
			runOnlyForDeploymentPostprocessing = 0;
		};
		81A55EEA2F11445600866D8C /* Sources */ = {
			isa = PBXSourcesBuildPhase;
			buildActionMask = 2147483647;
			files = (
			);
			runOnlyForDeploymentPostprocessing = 0;
		};
/* End PBXSourcesBuildPhase section */

/* Begin PBXTargetDependency section */
		81A55EE62F11445600866D8C /* PBXTargetDependency */ = {
			isa = PBXTargetDependency;
			target = 81A55ECD2F11445400866D8C /* Syscolabs-star-war-planet */;
			targetProxy = 81A55EE52F11445600866D8C /* PBXContainerItemProxy */;
		};
		81A55EF02F11445600866D8C /* PBXTargetDependency */ = {
			isa = PBXTargetDependency;
			target = 81A55ECD2F11445400866D8C /* Syscolabs-star-war-planet */;
			targetProxy = 81A55EEF2F11445600866D8C /* PBXContainerItemProxy */;
		};
/* End PBXTargetDependency section */

/* Begin XCBuildConfiguration section */
		81A55EF82F11445600866D8C /* Debug */ = {
			isa = XCBuildConfiguration;
			baseConfigurationReference = 83DFF56B67D9DB55F7242F50 /* Pods-Syscolabs-star-war-planet.debug.xcconfig */;
			buildSettings = {
				ASSETCATALOG_COMPILER_APPICON_NAME = AppIcon;
				ASSETCATALOG_COMPILER_GLOBAL_ACCENT_COLOR_NAME = AccentColor;
				CODE_SIGN_STYLE = Automatic;
				CURRENT_PROJECT_VERSION = 1;
				ENABLE_USER_SCRIPT_SANDBOXING = NO;
				GENERATE_INFOPLIST_FILE = YES;
				INFOPLIST_FILE = "Syscolabs-star-war-planet/Info.plist";
				INFOPLIST_KEY_UIApplicationSupportsIndirectInputEvents = YES;
				INFOPLIST_KEY_UILaunchStoryboardName = LaunchScreen;
				INFOPLIST_KEY_UIMainStoryboardFile = "";
				INFOPLIST_KEY_UISupportedInterfaceOrientations_iPad = "UIInterfaceOrientationPortrait UIInterfaceOrientationPortraitUpsideDown UIInterfaceOrientationLandscapeLeft UIInterfaceOrientationLandscapeRight";
				INFOPLIST_KEY_UISupportedInterfaceOrientations_iPhone = "UIInterfaceOrientationPortrait UIInterfaceOrientationLandscapeLeft UIInterfaceOrientationLandscapeRight";
				LD_RUNPATH_SEARCH_PATHS = (
					"$(inherited)",
					"@executable_path/Frameworks",
				);
				MARKETING_VERSION = 1.0;
				PRODUCT_BUNDLE_IDENTIFIER = "syscolabs.com.Syscolabs-star-war-planet";
				PRODUCT_NAME = "$(TARGET_NAME)";
				SWIFT_EMIT_LOC_STRINGS = YES;
				SWIFT_VERSION = 5.0;
				TARGETED_DEVICE_FAMILY = "1,2";
			};
			name = Debug;
		};
		81A55EF92F11445600866D8C /* Release */ = {
			isa = XCBuildConfiguration;
			baseConfigurationReference = C51EDB558B14452445B157F4 /* Pods-Syscolabs-star-war-planet.release.xcconfig */;
			buildSettings = {
				ASSETCATALOG_COMPILER_APPICON_NAME = AppIcon;
				ASSETCATALOG_COMPILER_GLOBAL_ACCENT_COLOR_NAME = AccentColor;
				CODE_SIGN_STYLE = Automatic;
				CURRENT_PROJECT_VERSION = 1;
				ENABLE_USER_SCRIPT_SANDBOXING = NO;
				GENERATE_INFOPLIST_FILE = YES;
				INFOPLIST_FILE = "Syscolabs-star-war-planet/Info.plist";
				INFOPLIST_KEY_UIApplicationSupportsIndirectInputEvents = YES;
				INFOPLIST_KEY_UILaunchStoryboardName = LaunchScreen;
				INFOPLIST_KEY_UIMainStoryboardFile = "";
				INFOPLIST_KEY_UISupportedInterfaceOrientations_iPad = "UIInterfaceOrientationPortrait UIInterfaceOrientationPortraitUpsideDown UIInterfaceOrientationLandscapeLeft UIInterfaceOrientationLandscapeRight";
				INFOPLIST_KEY_UISupportedInterfaceOrientations_iPhone = "UIInterfaceOrientationPortrait UIInterfaceOrientationLandscapeLeft UIInterfaceOrientationLandscapeRight";
				LD_RUNPATH_SEARCH_PATHS = (
					"$(inherited)",
					"@executable_path/Frameworks",
				);
				MARKETING_VERSION = 1.0;
				PRODUCT_BUNDLE_IDENTIFIER = "syscolabs.com.Syscolabs-star-war-planet";
				PRODUCT_NAME = "$(TARGET_NAME)";
				SWIFT_EMIT_LOC_STRINGS = YES;
				SWIFT_VERSION = 5.0;
				TARGETED_DEVICE_FAMILY = "1,2";
			};
			name = Release;
		};
		81A55EFA2F11445600866D8C /* Debug */ = {
			isa = XCBuildConfiguration;
			buildSettings = {
				ALWAYS_SEARCH_USER_PATHS = NO;
				ASSETCATALOG_COMPILER_GENERATE_SWIFT_ASSET_SYMBOL_EXTENSIONS = YES;
				CLANG_ANALYZER_NONNULL = YES;
				CLANG_ANALYZER_NUMBER_OBJECT_CONVERSION = YES_AGGRESSIVE;
				CLANG_CXX_LANGUAGE_STANDARD = "gnu++20";
				CLANG_ENABLE_MODULES = YES;
				CLANG_ENABLE_OBJC_ARC = YES;
				CLANG_ENABLE_OBJC_WEAK = YES;
				CLANG_WARN_BLOCK_CAPTURE_AUTORELEASING = YES;
				CLANG_WARN_BOOL_CONVERSION = YES;
				CLANG_WARN_COMMA = YES;
				CLANG_WARN_CONSTANT_CONVERSION = YES;
				CLANG_WARN_DEPRECATED_OBJC_IMPLEMENTATIONS = YES;
				CLANG_WARN_DIRECT_OBJC_ISA_USAGE = YES_ERROR;
				CLANG_WARN_DOCUMENTATION_COMMENTS = YES;
				CLANG_WARN_EMPTY_BODY = YES;
				CLANG_WARN_ENUM_CONVERSION = YES;
				CLANG_WARN_INFINITE_RECURSION = YES;
				CLANG_WARN_INT_CONVERSION = YES;
				CLANG_WARN_NON_LITERAL_NULL_CONVERSION = YES;
				CLANG_WARN_OBJC_IMPLICIT_RETAIN_SELF = YES;
				CLANG_WARN_OBJC_LITERAL_CONVERSION = YES;
				CLANG_WARN_OBJC_ROOT_CLASS = YES_ERROR;
				CLANG_WARN_QUOTED_INCLUDE_IN_FRAMEWORK_HEADER = YES;
				CLANG_WARN_RANGE_LOOP_ANALYSIS = YES;
				CLANG_WARN_STRICT_PROTOTYPES = YES;
				CLANG_WARN_SUSPICIOUS_MOVE = YES;
				CLANG_WARN_UNGUARDED_AVAILABILITY = YES_AGGRESSIVE;
				CLANG_WARN_UNREACHABLE_CODE = YES;
				CLANG_WARN__DUPLICATE_METHOD_MATCH = YES;
				COPY_PHASE_STRIP = NO;
				DEBUG_INFORMATION_FORMAT = dwarf;
				ENABLE_STRICT_OBJC_MSGSEND = YES;
				ENABLE_TESTABILITY = YES;
				ENABLE_USER_SCRIPT_SANDBOXING = YES;
				GCC_C_LANGUAGE_STANDARD = gnu17;
				GCC_DYNAMIC_NO_PIC = NO;
				GCC_NO_COMMON_BLOCKS = YES;
				GCC_OPTIMIZATION_LEVEL = 0;
				GCC_PREPROCESSOR_DEFINITIONS = (
					"DEBUG=1",
					"$(inherited)",
				);
				GCC_WARN_64_TO_32_BIT_CONVERSION = YES;
				GCC_WARN_ABOUT_RETURN_TYPE = YES_ERROR;
				GCC_WARN_UNDECLARED_SELECTOR = YES;
				GCC_WARN_UNINITIALIZED_AUTOS = YES_AGGRESSIVE;
				GCC_WARN_UNUSED_FUNCTION = YES;
				GCC_WARN_UNUSED_VARIABLE = YES;
				IPHONEOS_DEPLOYMENT_TARGET = 18.4;
				LOCALIZATION_PREFERS_STRING_CATALOGS = YES;
				MTL_ENABLE_DEBUG_INFO = INCLUDE_SOURCE;
				MTL_FAST_MATH = YES;
				ONLY_ACTIVE_ARCH = YES;
				SDKROOT = iphoneos;
				SWIFT_ACTIVE_COMPILATION_CONDITIONS = "DEBUG $(inherited)";
				SWIFT_OPTIMIZATION_LEVEL = "-Onone";
			};
			name = Debug;
		};
		81A55EFB2F11445600866D8C /* Release */ = {
			isa = XCBuildConfiguration;
			buildSettings = {
				ALWAYS_SEARCH_USER_PATHS = NO;
				ASSETCATALOG_COMPILER_GENERATE_SWIFT_ASSET_SYMBOL_EXTENSIONS = YES;
				CLANG_ANALYZER_NONNULL = YES;
				CLANG_ANALYZER_NUMBER_OBJECT_CONVERSION = YES_AGGRESSIVE;
				CLANG_CXX_LANGUAGE_STANDARD = "gnu++20";
				CLANG_ENABLE_MODULES = YES;
				CLANG_ENABLE_OBJC_ARC = YES;
				CLANG_ENABLE_OBJC_WEAK = YES;
				CLANG_WARN_BLOCK_CAPTURE_AUTORELEASING = YES;
				CLANG_WARN_BOOL_CONVERSION = YES;
				CLANG_WARN_COMMA = YES;
				CLANG_WARN_CONSTANT_CONVERSION = YES;
				CLANG_WARN_DEPRECATED_OBJC_IMPLEMENTATIONS = YES;
				CLANG_WARN_DIRECT_OBJC_ISA_USAGE = YES_ERROR;
				CLANG_WARN_DOCUMENTATION_COMMENTS = YES;
				CLANG_WARN_EMPTY_BODY = YES;
				CLANG_WARN_ENUM_CONVERSION = YES;
				CLANG_WARN_INFINITE_RECURSION = YES;
				CLANG_WARN_INT_CONVERSION = YES;
				CLANG_WARN_NON_LITERAL_NULL_CONVERSION = YES;
				CLANG_WARN_OBJC_IMPLICIT_RETAIN_SELF = YES;
				CLANG_WARN_OBJC_LITERAL_CONVERSION = YES;
				CLANG_WARN_OBJC_ROOT_CLASS = YES_ERROR;
				CLANG_WARN_QUOTED_INCLUDE_IN_FRAMEWORK_HEADER = YES;
				CLANG_WARN_RANGE_LOOP_ANALYSIS = YES;
				CLANG_WARN_STRICT_PROTOTYPES = YES;
				CLANG_WARN_SUSPICIOUS_MOVE = YES;
				CLANG_WARN_UNGUARDED_AVAILABILITY = YES_AGGRESSIVE;
				CLANG_WARN_UNREACHABLE_CODE = YES;
				CLANG_WARN__DUPLICATE_METHOD_MATCH = YES;
				COPY_PHASE_STRIP = NO;
				DEBUG_INFORMATION_FORMAT = "dwarf-with-dsym";
				ENABLE_NS_ASSERTIONS = NO;
				ENABLE_STRICT_OBJC_MSGSEND = YES;
				ENABLE_USER_SCRIPT_SANDBOXING = YES;
				GCC_C_LANGUAGE_STANDARD = gnu17;
				GCC_NO_COMMON_BLOCKS = YES;
				GCC_WARN_64_TO_32_BIT_CONVERSION = YES;
				GCC_WARN_ABOUT_RETURN_TYPE = YES_ERROR;
				GCC_WARN_UNDECLARED_SELECTOR = YES;
				GCC_WARN_UNINITIALIZED_AUTOS = YES_AGGRESSIVE;
				GCC_WARN_UNUSED_FUNCTION = YES;
				GCC_WARN_UNUSED_VARIABLE = YES;
				IPHONEOS_DEPLOYMENT_TARGET = 18.4;
				LOCALIZATION_PREFERS_STRING_CATALOGS = YES;
				MTL_ENABLE_DEBUG_INFO = NO;
				MTL_FAST_MATH = YES;
				SDKROOT = iphoneos;
				SWIFT_COMPILATION_MODE = wholemodule;
				VALIDATE_PRODUCT = YES;
			};
			name = Release;
		};
		81A55EFD2F11445600866D8C /* Debug */ = {
			isa = XCBuildConfiguration;
			baseConfigurationReference = 5E0ECA1A1E621404FE395474 /* Pods-Syscolabs-star-war-planetTests.debug.xcconfig */;
			buildSettings = {
				BUNDLE_LOADER = "$(TEST_HOST)";
				CODE_SIGN_STYLE = Automatic;
				CURRENT_PROJECT_VERSION = 1;
				GENERATE_INFOPLIST_FILE = YES;
				IPHONEOS_DEPLOYMENT_TARGET = 18.4;
				MARKETING_VERSION = 1.0;
				PRODUCT_BUNDLE_IDENTIFIER = "syscolabs.com.Syscolabs-star-war-planetTests";
				PRODUCT_NAME = "$(TARGET_NAME)";
				SWIFT_EMIT_LOC_STRINGS = NO;
				SWIFT_VERSION = 5.0;
				TARGETED_DEVICE_FAMILY = "1,2";
				TEST_HOST = "$(BUILT_PRODUCTS_DIR)/Syscolabs-star-war-planet.app/$(BUNDLE_EXECUTABLE_FOLDER_PATH)/Syscolabs-star-war-planet";
			};
			name = Debug;
		};
		81A55EFE2F11445600866D8C /* Release */ = {
			isa = XCBuildConfiguration;
			baseConfigurationReference = 768AEBB9C379101FA5C0D294 /* Pods-Syscolabs-star-war-planetTests.release.xcconfig */;
			buildSettings = {
				BUNDLE_LOADER = "$(TEST_HOST)";
				CODE_SIGN_STYLE = Automatic;
				CURRENT_PROJECT_VERSION = 1;
				GENERATE_INFOPLIST_FILE = YES;
				IPHONEOS_DEPLOYMENT_TARGET = 18.4;
				MARKETING_VERSION = 1.0;
				PRODUCT_BUNDLE_IDENTIFIER = "syscolabs.com.Syscolabs-star-war-planetTests";
				PRODUCT_NAME = "$(TARGET_NAME)";
				SWIFT_EMIT_LOC_STRINGS = NO;
				SWIFT_VERSION = 5.0;
				TARGETED_DEVICE_FAMILY = "1,2";
				TEST_HOST = "$(BUILT_PRODUCTS_DIR)/Syscolabs-star-war-planet.app/$(BUNDLE_EXECUTABLE_FOLDER_PATH)/Syscolabs-star-war-planet";
			};
			name = Release;
		};
		81A55F002F11445600866D8C /* Debug */ = {
			isa = XCBuildConfiguration;
			baseConfigurationReference = 1649B004E4D34D26A2FC126D /* Pods-Syscolabs-star-war-planet-Syscolabs-star-war-planetUITests.debug.xcconfig */;
			buildSettings = {
				CODE_SIGN_STYLE = Automatic;
				CURRENT_PROJECT_VERSION = 1;
				GENERATE_INFOPLIST_FILE = YES;
				MARKETING_VERSION = 1.0;
				PRODUCT_BUNDLE_IDENTIFIER = "syscolabs.com.Syscolabs-star-war-planetUITests";
				PRODUCT_NAME = "$(TARGET_NAME)";
				SWIFT_EMIT_LOC_STRINGS = NO;
				SWIFT_VERSION = 5.0;
				TARGETED_DEVICE_FAMILY = "1,2";
				TEST_TARGET_NAME = "Syscolabs-star-war-planet";
			};
			name = Debug;
		};
		81A55F012F11445600866D8C /* Release */ = {
			isa = XCBuildConfiguration;
			baseConfigurationReference = 69B22861BBA6B4D7235DEB09 /* Pods-Syscolabs-star-war-planet-Syscolabs-star-war-planetUITests.release.xcconfig */;
			buildSettings = {
				CODE_SIGN_STYLE = Automatic;
				CURRENT_PROJECT_VERSION = 1;
				GENERATE_INFOPLIST_FILE = YES;
				MARKETING_VERSION = 1.0;
				PRODUCT_BUNDLE_IDENTIFIER = "syscolabs.com.Syscolabs-star-war-planetUITests";
				PRODUCT_NAME = "$(TARGET_NAME)";
				SWIFT_EMIT_LOC_STRINGS = NO;
				SWIFT_VERSION = 5.0;
				TARGETED_DEVICE_FAMILY = "1,2";
				TEST_TARGET_NAME = "Syscolabs-star-war-planet";
			};
			name = Release;
		};
/* End XCBuildConfiguration section */

/* Begin XCConfigurationList section */
		81A55EC92F11445400866D8C /* Build configuration list for PBXProject "Syscolabs-star-war-planet" */ = {
			isa = XCConfigurationList;
			buildConfigurations = (
				81A55EFA2F11445600866D8C /* Debug */,
				81A55EFB2F11445600866D8C /* Release */,
			);
			defaultConfigurationIsVisible = 0;
			defaultConfigurationName = Release;
		};
		81A55EF72F11445600866D8C /* Build configuration list for PBXNativeTarget "Syscolabs-star-war-planet" */ = {
			isa = XCConfigurationList;
			buildConfigurations = (
				81A55EF82F11445600866D8C /* Debug */,
				81A55EF92F11445600866D8C /* Release */,
			);
			defaultConfigurationIsVisible = 0;
			defaultConfigurationName = Release;
		};
		81A55EFC2F11445600866D8C /* Build configuration list for PBXNativeTarget "Syscolabs-star-war-planetTests" */ = {
			isa = XCConfigurationList;
			buildConfigurations = (
				81A55EFD2F11445600866D8C /* Debug */,
				81A55EFE2F11445600866D8C /* Release */,
			);
			defaultConfigurationIsVisible = 0;
			defaultConfigurationName = Release;
		};
		81A55EFF2F11445600866D8C /* Build configuration list for PBXNativeTarget "Syscolabs-star-war-planetUITests" */ = {
			isa = XCConfigurationList;
			buildConfigurations = (
				81A55F002F11445600866D8C /* Debug */,
				81A55F012F11445600866D8C /* Release */,
			);
			defaultConfigurationIsVisible = 0;
			defaultConfigurationName = Release;
		};
/* End XCConfigurationList section */
	};
	rootObject = 81A55EC62F11445400866D8C /* Project object */;
}
